
Microsoft Visual Studio Solution File, Format Version 12.00
# Visual Studio Version 17
VisualStudioVersion = 17.5.33627.172
MinimumVisualStudioVersion = 10.0.40219.1
Project("{FAE04EC0-301F-11D3-BF4B-00C04F79EFBC}") = "Lop_Hinh_Chu_Nhat", "Lop_Hinh_Chu_Nhat\Lop_Hinh_Chu_Nhat.csproj", "{D932ED6E-9659-4E66-94EB-1A3950DF2456}"
EndProject
Global
	GlobalSection(SolutionConfigurationPlatforms) = preSolution
		Debug|Any CPU = Debug|Any CPU
		Release|Any CPU = Release|Any CPU
	EndGlobalSection
	GlobalSection(ProjectConfigurationPlatforms) = postSolution
		{D932ED6E-9659-4E66-94EB-1A3950DF2456}.Debug|Any CPU.ActiveCfg = Debug|Any CPU
		{D932ED6E-9659-4E66-94EB-1A3950DF2456}.Debug|Any CPU.Build.0 = Debug|Any CPU
		{D932ED6E-9659-4E66-94EB-1A3950DF2456}.Release|Any CPU.ActiveCfg = Release|Any CPU
		{D932ED6E-9659-4E66-94EB-1A3950DF2456}.Release|Any CPU.Build.0 = Release|Any CPU
	EndGlobalSection
	GlobalSection(SolutionProperties) = preSolution
		HideSolutionNode = FALSE
	EndGlobalSection
	GlobalSection(ExtensibilityGlobals) = postSolution
		SolutionGuid = {63A7CEDF-ACDB-4350-8B85-A967B7A98A72}
	EndGlobalSection
EndGlobal
