
Microsoft Visual Studio Solution File, Format Version 12.00
# Visual Studio Version 17
VisualStudioVersion = 17.5.33627.172
MinimumVisualStudioVersion = 10.0.40219.1
Project("{FAE04EC0-301F-11D3-BF4B-00C04F79EFBC}") = "do_min", "do_min\do_min.csproj", "{B6987AE9-EF70-4905-BACD-01995CFB664F}"
EndProject
Global
	GlobalSection(SolutionConfigurationPlatforms) = preSolution
		Debug|Any CPU = Debug|Any CPU
		Release|Any CPU = Release|Any CPU
	EndGlobalSection
	GlobalSection(ProjectConfigurationPlatforms) = postSolution
		{B6987AE9-EF70-4905-BACD-01995CFB664F}.Debug|Any CPU.ActiveCfg = Debug|Any CPU
		{B6987AE9-EF70-4905-BACD-01995CFB664F}.Debug|Any CPU.Build.0 = Debug|Any CPU
		{B6987AE9-EF70-4905-BACD-01995CFB664F}.Release|Any CPU.ActiveCfg = Release|Any CPU
		{B6987AE9-EF70-4905-BACD-01995CFB664F}.Release|Any CPU.Build.0 = Release|Any CPU
	EndGlobalSection
	GlobalSection(SolutionProperties) = preSolution
		HideSolutionNode = FALSE
	EndGlobalSection
	GlobalSection(ExtensibilityGlobals) = postSolution
		SolutionGuid = {3F9B8A92-EDCA-414B-B2AE-3319B79FA09D}
	EndGlobalSection
EndGlobal
