
Microsoft Visual Studio Solution File, Format Version 12.00
# Visual Studio Version 17
VisualStudioVersion = 17.6.33723.286
MinimumVisualStudioVersion = 10.0.40219.1
Project("{FAE04EC0-301F-11D3-BF4B-00C04F79EFBC}") = "ConsoleApp2", "ConsoleApp2\ConsoleApp2.csproj", "{4B7C8C73-1594-4E86-80CE-C4A8882C4587}"
EndProject
Global
	GlobalSection(SolutionConfigurationPlatforms) = preSolution
		Debug|Any CPU = Debug|Any CPU
		Release|Any CPU = Release|Any CPU
	EndGlobalSection
	GlobalSection(ProjectConfigurationPlatforms) = postSolution
		{4B7C8C73-1594-4E86-80CE-C4A8882C4587}.Debug|Any CPU.ActiveCfg = Debug|Any CPU
		{4B7C8C73-1594-4E86-80CE-C4A8882C4587}.Debug|Any CPU.Build.0 = Debug|Any CPU
		{4B7C8C73-1594-4E86-80CE-C4A8882C4587}.Release|Any CPU.ActiveCfg = Release|Any CPU
		{4B7C8C73-1594-4E86-80CE-C4A8882C4587}.Release|Any CPU.Build.0 = Release|Any CPU
	EndGlobalSection
	GlobalSection(SolutionProperties) = preSolution
		HideSolutionNode = FALSE
	EndGlobalSection
	GlobalSection(ExtensibilityGlobals) = postSolution
		SolutionGuid = {C4794E7A-0BA0-42DD-B4CE-3B41710EA28E}
	EndGlobalSection
EndGlobal
