
Microsoft Visual Studio Solution File, Format Version 12.00
# Visual Studio Version 17
VisualStudioVersion = 17.6.33723.286
MinimumVisualStudioVersion = 10.0.40219.1
Project("{FAE04EC0-301F-11D3-BF4B-00C04F79EFBC}") = "Doi_tuong_hinh_hoc", "Doi_tuong_hinh_hoc\Doi_tuong_hinh_hoc.csproj", "{6BAE25F4-2358-459E-A009-587DCFE04F7C}"
EndProject
Global
	GlobalSection(SolutionConfigurationPlatforms) = preSolution
		Debug|Any CPU = Debug|Any CPU
		Release|Any CPU = Release|Any CPU
	EndGlobalSection
	GlobalSection(ProjectConfigurationPlatforms) = postSolution
		{6BAE25F4-2358-459E-A009-587DCFE04F7C}.Debug|Any CPU.ActiveCfg = Debug|Any CPU
		{6BAE25F4-2358-459E-A009-587DCFE04F7C}.Debug|Any CPU.Build.0 = Debug|Any CPU
		{6BAE25F4-2358-459E-A009-587DCFE04F7C}.Release|Any CPU.ActiveCfg = Release|Any CPU
		{6BAE25F4-2358-459E-A009-587DCFE04F7C}.Release|Any CPU.Build.0 = Release|Any CPU
	EndGlobalSection
	GlobalSection(SolutionProperties) = preSolution
		HideSolutionNode = FALSE
	EndGlobalSection
	GlobalSection(ExtensibilityGlobals) = postSolution
		SolutionGuid = {157622FD-4617-4B90-BFB7-9E581AAE894C}
	EndGlobalSection
EndGlobal
